{
  "name": "z-calendar 功能丰富，可滑动切换的日历组件",
  "version": "1.0.1",
  "lockfileVersion": 1,
  "requires": true,
  "dependencies": {
    "commander": {
      "version": "1.1.1",
      "resolved": "https://registry.npmmirror.com/commander/-/commander-1.1.1.tgz",
      "integrity": "sha512-71Rod2AhcH3JhkBikVpNd0pA+fWsmAaVoti6OR38T76chA7vE3pSerS0Jor4wDw+tOueD2zLVvFOw5H0Rcj7rA==",
      "requires": {
        "keypress": "0.1.x"
      }
    },
    "deepmerge": {
      "version": "4.3.1",
      "resolved": "https://registry.npmmirror.com/deepmerge/-/deepmerge-4.3.1.tgz",
      "integrity": "sha512-3sUqbMEc77XqpdNO7FRyRog+eW3ph+GYCbj+rK+uYyRMuwsVy0rMiVtPn+QJlKFvWP/1PYpapqYn0Me2knFn+A=="
    },
    "echarts": {
      "version": "6.0.0",
      "resolved": "https://registry.npmmirror.com/echarts/-/echarts-6.0.0.tgz",
      "integrity": "sha512-Tte/grDQRiETQP4xz3iZWSvoHrkCQtwqd6hs+mifXcjrCuo2iKWbajFObuLJVBlDIJlOzgQPd1hsaKt/3+OMkQ==",
      "requires": {
        "tslib": "2.3.0",
        "zrender": "6.0.0"
      }
    },
    "keypress": {
      "version": "0.1.0",
      "resolved": "https://registry.npmmirror.com/keypress/-/keypress-0.1.0.tgz",
      "integrity": "sha512-x0yf9PL/nx9Nw9oLL8ZVErFAk85/lslwEP7Vz7s5SI1ODXZIgit3C5qyWjw4DxOuO/3Hb4866SQh28a1V1d+WA=="
    },
    "pinyin": {
      "version": "4.0.0",
      "resolved": "https://registry.npmmirror.com/pinyin/-/pinyin-4.0.0.tgz",
      "integrity": "sha512-vHpV5K+vpp6XUUpZNGRDuHoN+1xcmieM3EWlH4QjSX2kkpG/gVOwpqwV9EOJ9x9c9UERFKeLml5XVSukE/PLgQ==",
      "requires": {
        "commander": "~1.1.1"
      }
    },
    "shvl": {
      "version": "2.0.3",
      "resolved": "https://registry.npmmirror.com/shvl/-/shvl-2.0.3.tgz",
      "integrity": "sha512-V7C6S9Hlol6SzOJPnQ7qzOVEWUQImt3BNmmzh40wObhla3XOYMe4gGiYzLrJd5TFa+cI2f9LKIRJTTKZSTbWgw=="
    },
    "tslib": {
      "version": "2.3.0",
      "resolved": "https://registry.npmmirror.com/tslib/-/tslib-2.3.0.tgz",
      "integrity": "sha512-N82ooyxVNm6h1riLCoyS9e3fuJ3AMG2zIZs2Gd1ATcSFjSA23Q0fzjjZeh0jbJvWVDZ0cJT8yaNNaaXHzueNjg=="
    },
    "vuex-persistedstate": {
      "version": "4.1.0",
      "resolved": "https://registry.npmmirror.com/vuex-persistedstate/-/vuex-persistedstate-4.1.0.tgz",
      "integrity": "sha512-3SkEj4NqwM69ikJdFVw6gObeB0NHyspRYMYkR/EbhR0hbvAKyR5gksVhtAfY1UYuWUOCCA0QNGwv9pOwdj+XUQ==",
      "requires": {
        "deepmerge": "^4.2.2",
        "shvl": "^2.0.3"
      }
    },
    "zrender": {
      "version": "6.0.0",
      "resolved": "https://registry.npmmirror.com/zrender/-/zrender-6.0.0.tgz",
      "integrity": "sha512-41dFXEEXuJpNecuUQq6JlbybmnHaqqpGlbH1yxnA5V9MMP4SbohSVZsJIwz+zdjQXSSlR1Vc34EgH1zxyTDvhg==",
      "requires": {
        "tslib": "2.3.0"
      }
    }
  }
}
